
Microsoft Visual Studio Solution File, Format Version 12.00
# Visual Studio Version 16
VisualStudioVersion = 16.0.32106.194
MinimumVisualStudioVersion = 10.0.40219.1
Project("{FAE04EC0-301F-11D3-BF4B-00C04F79EFBC}") = "Serwis", "Serwis.csproj", "{A9715B3A-7E40-4540-A68D-944D22739EBB}"
EndProject
Global
	GlobalSection(SolutionConfigurationPlatforms) = preSolution
		Debug|Any CPU = Debug|Any CPU
		Release|Any CPU = Release|Any CPU
	EndGlobalSection
	GlobalSection(ProjectConfigurationPlatforms) = postSolution
		{A9715B3A-7E40-4540-A68D-944D22739EBB}.Debug|Any CPU.ActiveCfg = Debug|Any CPU
		{A9715B3A-7E40-4540-A68D-944D22739EBB}.Debug|Any CPU.Build.0 = Debug|Any CPU
		{A9715B3A-7E40-4540-A68D-944D22739EBB}.Release|Any CPU.ActiveCfg = Release|Any CPU
		{A9715B3A-7E40-4540-A68D-944D22739EBB}.Release|Any CPU.Build.0 = Release|Any CPU
	EndGlobalSection
	GlobalSection(SolutionProperties) = preSolution
		HideSolutionNode = FALSE
	EndGlobalSection
	GlobalSection(ExtensibilityGlobals) = postSolution
		SolutionGuid = {B41172F1-E9FA-4B95-B728-1A4D33A1012F}
	EndGlobalSection
EndGlobal
